
Microsoft Visual Studio Solution File, Format Version 12.00
# Visual Studio Version 17
VisualStudioVersion = 17.7.34031.279
MinimumVisualStudioVersion = 10.0.40219.1
Project("{FAE04EC0-301F-11D3-BF4B-00C04F79EFBC}") = "Dashboard.API", "Dashboard\Dashboard.API.csproj", "{0CEFB93A-2FFD-4063-BA94-BD0B85A5D953}"
EndProject
Project("{FAE04EC0-301F-11D3-BF4B-00C04F79EFBC}") = "Dashboard.Entities", "Dashboard.Entities\Dashboard.Entities.csproj", "{4D289427-F392-49DB-A0CA-7427CED296A2}"
EndProject
Project("{FAE04EC0-301F-11D3-BF4B-00C04F79EFBC}") = "Dashboard.RepositoriesContracts", "Dashboard.RepositoriesContracts\Dashboard.RepositoriesContracts.csproj", "{0A6BDD72-8FB3-4946-B766-F3543DF6E50F}"
EndProject
Project("{FAE04EC0-301F-11D3-BF4B-00C04F79EFBC}") = "Dashboard.Services", "Dashboard.Services\Dashboard.Services.csproj", "{B7DAB18F-B29E-4DA6-A997-5359144F2980}"
EndProject
Project("{FAE04EC0-301F-11D3-BF4B-00C04F79EFBC}") = "Dashboard.ServicesContracts", "Dashboard.ServicesContracts\Dashboard.ServicesContracts.csproj", "{07285A7F-A046-438D-A6CE-871FD8162468}"
EndProject
Project("{FAE04EC0-301F-11D3-BF4B-00C04F79EFBC}") = "Dashboard.Repositories", "Dashboard.Repositories\Dashboard.Repositories.csproj", "{78883B56-F2C0-4F39-A405-9D88D528BBA4}"
EndProject
Global
	GlobalSection(SolutionConfigurationPlatforms) = preSolution
		Debug|Any CPU = Debug|Any CPU
		Release|Any CPU = Release|Any CPU
	EndGlobalSection
	GlobalSection(ProjectConfigurationPlatforms) = postSolution
		{0CEFB93A-2FFD-4063-BA94-BD0B85A5D953}.Debug|Any CPU.ActiveCfg = Debug|Any CPU
		{0CEFB93A-2FFD-4063-BA94-BD0B85A5D953}.Debug|Any CPU.Build.0 = Debug|Any CPU
		{0CEFB93A-2FFD-4063-BA94-BD0B85A5D953}.Release|Any CPU.ActiveCfg = Release|Any CPU
		{0CEFB93A-2FFD-4063-BA94-BD0B85A5D953}.Release|Any CPU.Build.0 = Release|Any CPU
		{4D289427-F392-49DB-A0CA-7427CED296A2}.Debug|Any CPU.ActiveCfg = Debug|Any CPU
		{4D289427-F392-49DB-A0CA-7427CED296A2}.Debug|Any CPU.Build.0 = Debug|Any CPU
		{4D289427-F392-49DB-A0CA-7427CED296A2}.Release|Any CPU.ActiveCfg = Release|Any CPU
		{4D289427-F392-49DB-A0CA-7427CED296A2}.Release|Any CPU.Build.0 = Release|Any CPU
		{0A6BDD72-8FB3-4946-B766-F3543DF6E50F}.Debug|Any CPU.ActiveCfg = Debug|Any CPU
		{0A6BDD72-8FB3-4946-B766-F3543DF6E50F}.Debug|Any CPU.Build.0 = Debug|Any CPU
		{0A6BDD72-8FB3-4946-B766-F3543DF6E50F}.Release|Any CPU.ActiveCfg = Release|Any CPU
		{0A6BDD72-8FB3-4946-B766-F3543DF6E50F}.Release|Any CPU.Build.0 = Release|Any CPU
		{B7DAB18F-B29E-4DA6-A997-5359144F2980}.Debug|Any CPU.ActiveCfg = Debug|Any CPU
		{B7DAB18F-B29E-4DA6-A997-5359144F2980}.Debug|Any CPU.Build.0 = Debug|Any CPU
		{B7DAB18F-B29E-4DA6-A997-5359144F2980}.Release|Any CPU.ActiveCfg = Release|Any CPU
		{B7DAB18F-B29E-4DA6-A997-5359144F2980}.Release|Any CPU.Build.0 = Release|Any CPU
		{07285A7F-A046-438D-A6CE-871FD8162468}.Debug|Any CPU.ActiveCfg = Debug|Any CPU
		{07285A7F-A046-438D-A6CE-871FD8162468}.Debug|Any CPU.Build.0 = Debug|Any CPU
		{07285A7F-A046-438D-A6CE-871FD8162468}.Release|Any CPU.ActiveCfg = Release|Any CPU
		{07285A7F-A046-438D-A6CE-871FD8162468}.Release|Any CPU.Build.0 = Release|Any CPU
		{78883B56-F2C0-4F39-A405-9D88D528BBA4}.Debug|Any CPU.ActiveCfg = Debug|Any CPU
		{78883B56-F2C0-4F39-A405-9D88D528BBA4}.Debug|Any CPU.Build.0 = Debug|Any CPU
		{78883B56-F2C0-4F39-A405-9D88D528BBA4}.Release|Any CPU.ActiveCfg = Release|Any CPU
		{78883B56-F2C0-4F39-A405-9D88D528BBA4}.Release|Any CPU.Build.0 = Release|Any CPU
	EndGlobalSection
	GlobalSection(SolutionProperties) = preSolution
		HideSolutionNode = FALSE
	EndGlobalSection
	GlobalSection(ExtensibilityGlobals) = postSolution
		SolutionGuid = {69F52098-7688-4D8E-A783-35391DE683F3}
	EndGlobalSection
EndGlobal
